[[package]]
category = "main"
description = "Cross-platform colored terminal text."
marker = "sys_platform == \"win32\""
name = "colorama"
optional = false
python-versions = ">=2.7, !=3.0.*, !=3.1.*, !=3.2.*, !=3.3.*, !=3.4.*"
version = "0.4.4"

[[package]]
category = "main"
description = "Compute positions of the planets and stars"
name = "ephem"
optional = false
python-versions = "*"
version = "3.7.7.1"

[[package]]
category = "main"
description = "Robust and effective logging for Python 2 and 3"
name = "logzero"
optional = false
python-versions = "*"
version = "1.6.3"

[package.dependencies]
colorama = "*"

[metadata]
content-hash = "016b904f722ea67b0d26c0a6f535deb22259f056b539a7eca0e47cff235a39e4"
python-versions = "^3.8"

[metadata.files]
colorama = [
    {file = "colorama-0.4.4-py2.py3-none-any.whl", hash = "sha256:9f47eda37229f68eee03b24b9748937c7dc3868f906e8ba69fbcbdd3bc5dc3e2"},
    {file = "colorama-0.4.4.tar.gz", hash = "sha256:5941b2b48a20143d2267e95b1c2a7603ce057ee39fd88e7329b0c292aa16869b"},
]
ephem = [
    {file = "ephem-3.7.7.1-cp27-cp27m-macosx_10_6_intel.whl", hash = "sha256:0a6d6ed003383f702695094399728052981c567d423b25aa7163b3fd40de3d5a"},
    {file = "ephem-3.7.7.1-cp27-cp27m-manylinux2010_i686.whl", hash = "sha256:e73b9997d7b844fabff988d7f66c3bad4e76ec8975ec9c60ec988037bb5c04b1"},
    {file = "ephem-3.7.7.1-cp27-cp27m-manylinux2010_x86_64.whl", hash = "sha256:7619297a1103f6b3dac0c609bfa7c31e17678fb1a02653347ec030487e412031"},
    {file = "ephem-3.7.7.1-cp27-cp27mu-manylinux2010_i686.whl", hash = "sha256:37fd1abbebb821381d2865064a6fa9484ffdcd2161cf92193da8d42da79aa7db"},
    {file = "ephem-3.7.7.1-cp27-cp27mu-manylinux2010_x86_64.whl", hash = "sha256:ff4e1584cc232d8bc4aea405346eeb8a24b0fbe84c6331d4edb5d4456d19f1c3"},
    {file = "ephem-3.7.7.1-cp35-cp35m-macosx_10_6_intel.whl", hash = "sha256:c6081a9791e9de6511cddbeb9529bd5550fdb6f9e2a8dc9c2ec85911d67c6d11"},
    {file = "ephem-3.7.7.1-cp35-cp35m-manylinux2010_i686.whl", hash = "sha256:7f781d73e49caf7989c503a948471f1c8c1f738a450d557413999fb732f4dba3"},
    {file = "ephem-3.7.7.1-cp35-cp35m-manylinux2010_x86_64.whl", hash = "sha256:f0959882bf73c8fe1cb801f42b0989e0ecb9d84b99eb8b8f70d61d16767a1e8a"},
    {file = "ephem-3.7.7.1-cp35-cp35m-win32.whl", hash = "sha256:2bcd953cced045e4232bcb71d60f6ba237f7944c880e83e74cc959449b192dee"},
    {file = "ephem-3.7.7.1-cp35-cp35m-win_amd64.whl", hash = "sha256:fd0b922387df1ad8721f2fafd5dca51ce7105238f968e1532a177b781b8cae0e"},
    {file = "ephem-3.7.7.1-cp36-cp36m-macosx_10_6_intel.whl", hash = "sha256:e10c2c8afbb9e927d46d9bf3562441da2173ff196790a75ad0e5c5ee920d5922"},
    {file = "ephem-3.7.7.1-cp36-cp36m-manylinux2010_i686.whl", hash = "sha256:8d586d970c42d62b1fc757a1c7c10679416a43e9e4a77391a05907159ce346f8"},
    {file = "ephem-3.7.7.1-cp36-cp36m-manylinux2010_x86_64.whl", hash = "sha256:1a8ea6a045ff669011f8ecdeffadfc5eaa519fb56ab8dd40508910e9db5ec7b0"},
    {file = "ephem-3.7.7.1-cp36-cp36m-win32.whl", hash = "sha256:72fdb72c813fc9780726aa732eb2193bbe1663549265ca5a746899215ecfbffd"},
    {file = "ephem-3.7.7.1-cp36-cp36m-win_amd64.whl", hash = "sha256:f5af029f8814aa8617e73b2ddcad2bd1c682ca13c31ee3b6f5825dd5cb43e777"},
    {file = "ephem-3.7.7.1-cp37-cp37m-macosx_10_6_intel.whl", hash = "sha256:e61c68f1c7d304a130bb6b88c1fca6600bbc1a1df6ca9a109b6eba4c6cbd3376"},
    {file = "ephem-3.7.7.1-cp37-cp37m-manylinux2010_i686.whl", hash = "sha256:31e2a17ca6f8d6bd44832574fea5461938ba034e52bf551e15e1a4c8f8c6c4fb"},
    {file = "ephem-3.7.7.1-cp37-cp37m-manylinux2010_x86_64.whl", hash = "sha256:1ff5abefa230d5ab40846f1cb27d4f5583d46044fecf10e17bfb559bdc766a47"},
    {file = "ephem-3.7.7.1-cp37-cp37m-win32.whl", hash = "sha256:71ea3935c658ee184575fd4cc2aa3e7fd6d6bac4a1ccff9ee5549cee67ff0385"},
    {file = "ephem-3.7.7.1-cp37-cp37m-win_amd64.whl", hash = "sha256:34fd228105b89fefd20608420861a75a184db1edeaf0056cf2f85d2a2f768aee"},
    {file = "ephem-3.7.7.1-cp38-cp38-macosx_10_9_x86_64.whl", hash = "sha256:189fcaeacb44dc5a1684ad489542f126d99d4a85e87d2fe73864c902f0bc2c71"},
    {file = "ephem-3.7.7.1-cp38-cp38-manylinux2010_i686.whl", hash = "sha256:a5ddf46ced515e4b81dfd22e6408fd06a329c31c6abb10af48d392641c490b0e"},
    {file = "ephem-3.7.7.1-cp38-cp38-manylinux2010_x86_64.whl", hash = "sha256:3530bee3eb7458d86d4c399f51f5b73ad7ea0441f0b2fb03de41d623789935af"},
    {file = "ephem-3.7.7.1-cp38-cp38-win32.whl", hash = "sha256:33ad1a71b204aff123250b04e0ff2d5c3b8e9c6c814bf2c675d7752ce5896c02"},
    {file = "ephem-3.7.7.1-cp38-cp38-win_amd64.whl", hash = "sha256:4bc5140cc7218a53ee6d949110f6ed413b8e3165294100515cd0fb29aa8e3637"},
    {file = "ephem-3.7.7.1.tar.gz", hash = "sha256:36b51a8dc7cfdeb456dd6b8ab811accab8341b2d562ee3c6f4c86f6d3dbb984e"},
]
logzero = [
    {file = "logzero-1.6.3-py2.py3-none-any.whl", hash = "sha256:1b84ee4c8fdabf7023877ff17cb456d82564097704eb6c4ee37952bd8ce0800f"},
    {file = "logzero-1.6.3.tar.gz", hash = "sha256:1435284574e409b8ec8b680f276bca04cab41f93d6eff4dc8348b7630cddf560"},
]
